
Microsoft Visual Studio Solution File, Format Version 12.00
# Visual Studio 14
VisualStudioVersion = 14.0.24720.0
MinimumVisualStudioVersion = 10.0.40219.1
Project("{FAE04EC0-301F-11D3-BF4B-00C04F79EFBC}") = "TDD project", "WindowsFormsApplication1\TDD project.csproj", "{FE7676B9-7C2F-4150-89FF-55946EEAA6CA}"
EndProject
Project("{FAE04EC0-301F-11D3-BF4B-00C04F79EFBC}") = "testing sort", "testing sort\testing sort.csproj", "{018A6B75-BC5E-4513-91BF-E1C59E58EDA4}"
EndProject
Global
	GlobalSection(SolutionConfigurationPlatforms) = preSolution
		Debug|Any CPU = Debug|Any CPU
		Release|Any CPU = Release|Any CPU
	EndGlobalSection
	GlobalSection(ProjectConfigurationPlatforms) = postSolution
		{FE7676B9-7C2F-4150-89FF-55946EEAA6CA}.Debug|Any CPU.ActiveCfg = Debug|Any CPU
		{FE7676B9-7C2F-4150-89FF-55946EEAA6CA}.Debug|Any CPU.Build.0 = Debug|Any CPU
		{FE7676B9-7C2F-4150-89FF-55946EEAA6CA}.Release|Any CPU.ActiveCfg = Release|Any CPU
		{FE7676B9-7C2F-4150-89FF-55946EEAA6CA}.Release|Any CPU.Build.0 = Release|Any CPU
		{018A6B75-BC5E-4513-91BF-E1C59E58EDA4}.Debug|Any CPU.ActiveCfg = Debug|Any CPU
		{018A6B75-BC5E-4513-91BF-E1C59E58EDA4}.Debug|Any CPU.Build.0 = Debug|Any CPU
		{018A6B75-BC5E-4513-91BF-E1C59E58EDA4}.Release|Any CPU.ActiveCfg = Release|Any CPU
		{018A6B75-BC5E-4513-91BF-E1C59E58EDA4}.Release|Any CPU.Build.0 = Release|Any CPU
	EndGlobalSection
	GlobalSection(SolutionProperties) = preSolution
		HideSolutionNode = FALSE
	EndGlobalSection
EndGlobal
